
Microsoft Visual Studio Solution File, Format Version 12.00
# Visual Studio Version 17
VisualStudioVersion = 17.9.34414.90
MinimumVisualStudioVersion = 10.0.40219.1
Project("{8BC9CEB8-8B4A-11D0-8D11-00A0C91BC942}") = "usrsctplib", "usrsctplib.vcxproj", "{13BFBE39-9D94-4DE0-8360-73FCAE9D6B04}"
EndProject
Project("{2150E333-8FDC-42A3-9474-1A3956D46DE8}") = "programs", "programs", "{EA7C6318-AAD0-4AF7-8FCD-4656071EFA76}"
EndProject
Project("{2150E333-8FDC-42A3-9474-1A3956D46DE8}") = "fuzzer", "fuzzer", "{953B4CE8-FC28-4C45-B4F1-75075C01AB81}"
EndProject
Project("{8BC9CEB8-8B4A-11D0-8D11-00A0C91BC942}") = "chargen_server_upcall", "chargen_server_upcall.vcxproj", "{6F50AA5B-3ED7-46B9-B4EB-CB41F9E46B9F}"
	ProjectSection(ProjectDependencies) = postProject
		{13BFBE39-9D94-4DE0-8360-73FCAE9D6B04} = {13BFBE39-9D94-4DE0-8360-73FCAE9D6B04}
	EndProjectSection
EndProject
Project("{8BC9CEB8-8B4A-11D0-8D11-00A0C91BC942}") = "client", "client.vcxproj", "{6F50AA5B-3ED7-46B9-B4EB-CB41F9E46BAF}"
	ProjectSection(ProjectDependencies) = postProject
		{13BFBE39-9D94-4DE0-8360-73FCAE9D6B04} = {13BFBE39-9D94-4DE0-8360-73FCAE9D6B04}
		{6F50AA5B-3ED7-46B9-B4EB-CB41F9E46BCF} = {6F50AA5B-3ED7-46B9-B4EB-CB41F9E46BCF}
		{6F50AA5B-3ED7-46B9-B4EB-CB41F9E46BEF} = {6F50AA5B-3ED7-46B9-B4EB-CB41F9E46BEF}
		{6F50AA5B-3ED7-46B9-B4EB-CB41F9E46C00} = {6F50AA5B-3ED7-46B9-B4EB-CB41F9E46C00}
	EndProjectSection
EndProject
Project("{8BC9CEB8-8B4A-11D0-8D11-00A0C91BC942}") = "client_upcall", "client_upcall.vcxproj", "{6F50AA5B-3ED7-46B9-B4EB-CB41F9E46BBF}"
	ProjectSection(ProjectDependencies) = postProject
		{13BFBE39-9D94-4DE0-8360-73FCAE9D6B04} = {13BFBE39-9D94-4DE0-8360-73FCAE9D6B04}
		{6F50AA5B-3ED7-46B9-B4EB-CB41F9E46BDF} = {6F50AA5B-3ED7-46B9-B4EB-CB41F9E46BDF}
		{6F50AA5B-3ED7-46B9-B4EB-CB41F9E46BFF} = {6F50AA5B-3ED7-46B9-B4EB-CB41F9E46BFF}
		{6F50AA5B-3ED7-46B9-B4EB-CB41F9E46C01} = {6F50AA5B-3ED7-46B9-B4EB-CB41F9E46C01}
	EndProjectSection
EndProject
Project("{8BC9CEB8-8B4A-11D0-8D11-00A0C91BC942}") = "daytime_server", "daytime_server.vcxproj", "{6F50AA5B-3ED7-46B9-B4EB-CB41F9E46BCF}"
	ProjectSection(ProjectDependencies) = postProject
		{13BFBE39-9D94-4DE0-8360-73FCAE9D6B04} = {13BFBE39-9D94-4DE0-8360-73FCAE9D6B04}
	EndProjectSection
EndProject
Project("{8BC9CEB8-8B4A-11D0-8D11-00A0C91BC942}") = "daytime_server_upcall", "daytime_server_upcall.vcxproj", "{6F50AA5B-3ED7-46B9-B4EB-CB41F9E46BDF}"
	ProjectSection(ProjectDependencies) = postProject
		{13BFBE39-9D94-4DE0-8360-73FCAE9D6B04} = {13BFBE39-9D94-4DE0-8360-73FCAE9D6B04}
	EndProjectSection
EndProject
Project("{8BC9CEB8-8B4A-11D0-8D11-00A0C91BC942}") = "discard_server", "discard_server.vcxproj", "{6F50AA5B-3ED7-46B9-B4EB-CB41F9E46BEF}"
	ProjectSection(ProjectDependencies) = postProject
		{13BFBE39-9D94-4DE0-8360-73FCAE9D6B04} = {13BFBE39-9D94-4DE0-8360-73FCAE9D6B04}
	EndProjectSection
EndProject
Project("{8BC9CEB8-8B4A-11D0-8D11-00A0C91BC942}") = "discard_server_upcall", "discard_server_upcall.vcxproj", "{6F50AA5B-3ED7-46B9-B4EB-CB41F9E46BFF}"
	ProjectSection(ProjectDependencies) = postProject
		{13BFBE39-9D94-4DE0-8360-73FCAE9D6B04} = {13BFBE39-9D94-4DE0-8360-73FCAE9D6B04}
	EndProjectSection
EndProject
Project("{8BC9CEB8-8B4A-11D0-8D11-00A0C91BC942}") = "echo_server", "echo_server.vcxproj", "{6F50AA5B-3ED7-46B9-B4EB-CB41F9E46C00}"
	ProjectSection(ProjectDependencies) = postProject
		{13BFBE39-9D94-4DE0-8360-73FCAE9D6B04} = {13BFBE39-9D94-4DE0-8360-73FCAE9D6B04}
	EndProjectSection
EndProject
Project("{8BC9CEB8-8B4A-11D0-8D11-00A0C91BC942}") = "echo_server_upcall", "echo_server_upcall.vcxproj", "{6F50AA5B-3ED7-46B9-B4EB-CB41F9E46C01}"
	ProjectSection(ProjectDependencies) = postProject
		{13BFBE39-9D94-4DE0-8360-73FCAE9D6B04} = {13BFBE39-9D94-4DE0-8360-73FCAE9D6B04}
	EndProjectSection
EndProject
Project("{8BC9CEB8-8B4A-11D0-8D11-00A0C91BC942}") = "ekr_client", "ekr_client.vcxproj", "{6F50AA5B-3ED7-46B9-B4EB-CB41F9E46C02}"
	ProjectSection(ProjectDependencies) = postProject
		{13BFBE39-9D94-4DE0-8360-73FCAE9D6B04} = {13BFBE39-9D94-4DE0-8360-73FCAE9D6B04}
		{6F50AA5B-3ED7-46B9-B4EB-CB41F9E46C06} = {6F50AA5B-3ED7-46B9-B4EB-CB41F9E46C06}
	EndProjectSection
EndProject
Project("{8BC9CEB8-8B4A-11D0-8D11-00A0C91BC942}") = "ekr_loop", "ekr_loop.vcxproj", "{6F50AA5B-3ED7-46B9-B4EB-CB41F9E46C03}"
	ProjectSection(ProjectDependencies) = postProject
		{13BFBE39-9D94-4DE0-8360-73FCAE9D6B04} = {13BFBE39-9D94-4DE0-8360-73FCAE9D6B04}
	EndProjectSection
EndProject
Project("{8BC9CEB8-8B4A-11D0-8D11-00A0C91BC942}") = "ekr_loop_upcall", "ekr_loop_upcall.vcxproj", "{6F50AA5B-3ED7-46B9-B4EB-CB41F9E46C04}"
	ProjectSection(ProjectDependencies) = postProject
		{13BFBE39-9D94-4DE0-8360-73FCAE9D6B04} = {13BFBE39-9D94-4DE0-8360-73FCAE9D6B04}
	EndProjectSection
EndProject
Project("{8BC9CEB8-8B4A-11D0-8D11-00A0C91BC942}") = "ekr_peer", "ekr_peer.vcxproj", "{6F50AA5B-3ED7-46B9-B4EB-CB41F9E46C05}"
	ProjectSection(ProjectDependencies) = postProject
		{13BFBE39-9D94-4DE0-8360-73FCAE9D6B04} = {13BFBE39-9D94-4DE0-8360-73FCAE9D6B04}
	EndProjectSection
EndProject
Project("{8BC9CEB8-8B4A-11D0-8D11-00A0C91BC942}") = "ekr_server", "ekr_server.vcxproj", "{6F50AA5B-3ED7-46B9-B4EB-CB41F9E46C06}"
	ProjectSection(ProjectDependencies) = postProject
		{13BFBE39-9D94-4DE0-8360-73FCAE9D6B04} = {13BFBE39-9D94-4DE0-8360-73FCAE9D6B04}
	EndProjectSection
EndProject
Project("{8BC9CEB8-8B4A-11D0-8D11-00A0C91BC942}") = "http_client", "http_client.vcxproj", "{6F50AA5B-3ED7-46B9-B4EB-CB41F9E46C07}"
	ProjectSection(ProjectDependencies) = postProject
		{13BFBE39-9D94-4DE0-8360-73FCAE9D6B04} = {13BFBE39-9D94-4DE0-8360-73FCAE9D6B04}
	EndProjectSection
EndProject
Project("{8BC9CEB8-8B4A-11D0-8D11-00A0C91BC942}") = "http_client_upcall", "http_client_upcall.vcxproj", "{6F50AA5B-3ED7-46B9-B4EB-CB41F9E46C08}"
	ProjectSection(ProjectDependencies) = postProject
		{13BFBE39-9D94-4DE0-8360-73FCAE9D6B04} = {13BFBE39-9D94-4DE0-8360-73FCAE9D6B04}
	EndProjectSection
EndProject
Project("{8BC9CEB8-8B4A-11D0-8D11-00A0C91BC942}") = "rtcweb", "rtcweb.vcxproj", "{6F50AA5B-3ED7-46B9-B4EB-CB41F9E46C09}"
	ProjectSection(ProjectDependencies) = postProject
		{13BFBE39-9D94-4DE0-8360-73FCAE9D6B04} = {13BFBE39-9D94-4DE0-8360-73FCAE9D6B04}
	EndProjectSection
EndProject
Project("{8BC9CEB8-8B4A-11D0-8D11-00A0C91BC942}") = "st_client", "st_client.vcxproj", "{6F50AA5B-3ED7-46B9-B4EB-CB41F9E46C0A}"
	ProjectSection(ProjectDependencies) = postProject
		{13BFBE39-9D94-4DE0-8360-73FCAE9D6B04} = {13BFBE39-9D94-4DE0-8360-73FCAE9D6B04}
	EndProjectSection
EndProject
Project("{8BC9CEB8-8B4A-11D0-8D11-00A0C91BC942}") = "test_libmgmt", "test_libmgmt.vcxproj", "{6F50AA5B-3ED7-46B9-B4EB-CB41F9E46C0B}"
	ProjectSection(ProjectDependencies) = postProject
		{13BFBE39-9D94-4DE0-8360-73FCAE9D6B04} = {13BFBE39-9D94-4DE0-8360-73FCAE9D6B04}
	EndProjectSection
EndProject
Project("{8BC9CEB8-8B4A-11D0-8D11-00A0C91BC942}") = "test_timer", "test_timer.vcxproj", "{6F50AA5B-3ED7-46B9-B4EB-CB41F9E46C0C}"
	ProjectSection(ProjectDependencies) = postProject
		{13BFBE39-9D94-4DE0-8360-73FCAE9D6B04} = {13BFBE39-9D94-4DE0-8360-73FCAE9D6B04}
	EndProjectSection
EndProject
Project("{8BC9CEB8-8B4A-11D0-8D11-00A0C91BC942}") = "tsctp", "tsctp.vcxproj", "{6F50AA5B-3ED7-46B9-B4EB-CB41F9E46C0D}"
	ProjectSection(ProjectDependencies) = postProject
		{13BFBE39-9D94-4DE0-8360-73FCAE9D6B04} = {13BFBE39-9D94-4DE0-8360-73FCAE9D6B04}
	EndProjectSection
EndProject
Project("{8BC9CEB8-8B4A-11D0-8D11-00A0C91BC942}") = "tsctp_upcall", "tsctp_upcall.vcxproj", "{6F50AA5B-3ED7-46B9-B4EB-CB41F9E46C0E}"
	ProjectSection(ProjectDependencies) = postProject
		{13BFBE39-9D94-4DE0-8360-73FCAE9D6B04} = {13BFBE39-9D94-4DE0-8360-73FCAE9D6B04}
	EndProjectSection
EndProject
Project("{8BC9CEB8-8B4A-11D0-8D11-00A0C91BC942}") = "fuzzer_connect", "fuzzer_connect.vcxproj", "{6F50AA5B-3ED7-46B9-B4EB-CB41F9E46C0F}"
	ProjectSection(ProjectDependencies) = postProject
		{13BFBE39-9D94-4DE0-8360-73FCAE9D6B04} = {13BFBE39-9D94-4DE0-8360-73FCAE9D6B04}
	EndProjectSection
EndProject
Project("{8BC9CEB8-8B4A-11D0-8D11-00A0C91BC942}") = "fuzzer_fragment", "fuzzer_fragment.vcxproj", "{6F50AA5B-3ED7-46B9-B4EB-CB41F9E46C10}"
	ProjectSection(ProjectDependencies) = postProject
		{13BFBE39-9D94-4DE0-8360-73FCAE9D6B04} = {13BFBE39-9D94-4DE0-8360-73FCAE9D6B04}
	EndProjectSection
EndProject
Project("{8BC9CEB8-8B4A-11D0-8D11-00A0C91BC942}") = "fuzzer_listen", "fuzzer_listen.vcxproj", "{6F50AA5B-3ED7-46B9-B4EB-CB41F9E46C11}"
	ProjectSection(ProjectDependencies) = postProject
		{13BFBE39-9D94-4DE0-8360-73FCAE9D6B04} = {13BFBE39-9D94-4DE0-8360-73FCAE9D6B04}
	EndProjectSection
EndProject
Project("{8BC9CEB8-8B4A-11D0-8D11-00A0C91BC942}") = "fuzzer_listen_verbose", "fuzzer_listen_verbose.vcxproj", "{6F50AA5B-3ED7-46B9-B4EB-CB41F9E46C19}"
	ProjectSection(ProjectDependencies) = postProject
		{13BFBE39-9D94-4DE0-8360-73FCAE9D6B04} = {13BFBE39-9D94-4DE0-8360-73FCAE9D6B04}
	EndProjectSection
EndProject
Project("{8BC9CEB8-8B4A-11D0-8D11-00A0C91BC942}") = "fuzzer_connect_multi", "fuzzer_connect_multi.vcxproj", "{6F50AA5B-3ED7-46B9-B4EB-CB41F9E46C12}"
	ProjectSection(ProjectDependencies) = postProject
		{13BFBE39-9D94-4DE0-8360-73FCAE9D6B04} = {13BFBE39-9D94-4DE0-8360-73FCAE9D6B04}
	EndProjectSection
EndProject
Project("{8BC9CEB8-8B4A-11D0-8D11-00A0C91BC942}") = "fuzzer_connect_multi_verbose", "fuzzer_connect_multi_verbose.vcxproj", "{6F50AA5B-3ED7-46B9-B4EB-CB41F9E46C13}"
	ProjectSection(ProjectDependencies) = postProject
		{13BFBE39-9D94-4DE0-8360-73FCAE9D6B04} = {13BFBE39-9D94-4DE0-8360-73FCAE9D6B04}
	EndProjectSection
EndProject
Project("{8BC9CEB8-8B4A-11D0-8D11-00A0C91BC942}") = "fuzzer_connect_cookie_wait", "fuzzer_connect_cookie_wait.vcxproj", "{6F50AA5B-3ED7-46B9-B4EB-CB41F9E46C14}"
	ProjectSection(ProjectDependencies) = postProject
		{13BFBE39-9D94-4DE0-8360-73FCAE9D6B04} = {13BFBE39-9D94-4DE0-8360-73FCAE9D6B04}
	EndProjectSection
EndProject
Project("{8BC9CEB8-8B4A-11D0-8D11-00A0C91BC942}") = "fuzzer_connect_cookie_echoed", "fuzzer_connect_cookie_echoed.vcxproj", "{6F50AA5B-3ED7-46B9-B4EB-CB41F9E46C15}"
	ProjectSection(ProjectDependencies) = postProject
		{13BFBE39-9D94-4DE0-8360-73FCAE9D6B04} = {13BFBE39-9D94-4DE0-8360-73FCAE9D6B04}
	EndProjectSection
EndProject
Project("{8BC9CEB8-8B4A-11D0-8D11-00A0C91BC942}") = "fuzzer_connect_established", "fuzzer_connect_established.vcxproj", "{6F50AA5B-3ED7-46B9-B4EB-CB41F9E46C16}"
	ProjectSection(ProjectDependencies) = postProject
		{13BFBE39-9D94-4DE0-8360-73FCAE9D6B04} = {13BFBE39-9D94-4DE0-8360-73FCAE9D6B04}
	EndProjectSection
EndProject
Project("{8BC9CEB8-8B4A-11D0-8D11-00A0C91BC942}") = "fuzzer_connect_data_sent", "fuzzer_connect_data_sent.vcxproj", "{6F50AA5B-3ED7-46B9-B4EB-CB41F9E46C17}"
	ProjectSection(ProjectDependencies) = postProject
		{13BFBE39-9D94-4DE0-8360-73FCAE9D6B04} = {13BFBE39-9D94-4DE0-8360-73FCAE9D6B04}
	EndProjectSection
EndProject
Project("{8BC9CEB8-8B4A-11D0-8D11-00A0C91BC942}") = "fuzzer_connect_data_received", "fuzzer_connect_data_received.vcxproj", "{6F50AA5B-3ED7-46B9-B4EB-CB41F9E46C18}"
	ProjectSection(ProjectDependencies) = postProject
		{13BFBE39-9D94-4DE0-8360-73FCAE9D6B04} = {13BFBE39-9D94-4DE0-8360-73FCAE9D6B04}
	EndProjectSection
EndProject
Global
	GlobalSection(SolutionConfigurationPlatforms) = preSolution
		Debug|x64 = Debug|x64
		Debug|x86 = Debug|x86
		Release|x64 = Release|x64
		Release|x86 = Release|x86
	EndGlobalSection
	GlobalSection(ProjectConfigurationPlatforms) = postSolution
		{13BFBE39-9D94-4DE0-8360-73FCAE9D6B04}.Debug|x64.ActiveCfg = Debug|x64
		{13BFBE39-9D94-4DE0-8360-73FCAE9D6B04}.Debug|x64.Build.0 = Debug|x64
		{13BFBE39-9D94-4DE0-8360-73FCAE9D6B04}.Debug|x86.ActiveCfg = Debug|Win32
		{13BFBE39-9D94-4DE0-8360-73FCAE9D6B04}.Debug|x86.Build.0 = Debug|Win32
		{13BFBE39-9D94-4DE0-8360-73FCAE9D6B04}.Release|x64.ActiveCfg = Release|x64
		{13BFBE39-9D94-4DE0-8360-73FCAE9D6B04}.Release|x64.Build.0 = Release|x64
		{13BFBE39-9D94-4DE0-8360-73FCAE9D6B04}.Release|x86.ActiveCfg = Release|Win32
		{13BFBE39-9D94-4DE0-8360-73FCAE9D6B04}.Release|x86.Build.0 = Release|Win32
		{6F50AA5B-3ED7-46B9-B4EB-CB41F9E46B9F}.Debug|x64.ActiveCfg = Debug|x64
		{6F50AA5B-3ED7-46B9-B4EB-CB41F9E46B9F}.Debug|x64.Build.0 = Debug|x64
		{6F50AA5B-3ED7-46B9-B4EB-CB41F9E46B9F}.Debug|x86.ActiveCfg = Debug|Win32
		{6F50AA5B-3ED7-46B9-B4EB-CB41F9E46B9F}.Debug|x86.Build.0 = Debug|Win32
		{6F50AA5B-3ED7-46B9-B4EB-CB41F9E46B9F}.Release|x64.ActiveCfg = Release|x64
		{6F50AA5B-3ED7-46B9-B4EB-CB41F9E46B9F}.Release|x64.Build.0 = Release|x64
		{6F50AA5B-3ED7-46B9-B4EB-CB41F9E46B9F}.Release|x86.ActiveCfg = Release|Win32
		{6F50AA5B-3ED7-46B9-B4EB-CB41F9E46B9F}.Release|x86.Build.0 = Release|Win32
		{6F50AA5B-3ED7-46B9-B4EB-CB41F9E46BAF}.Debug|x64.ActiveCfg = Debug|x64
		{6F50AA5B-3ED7-46B9-B4EB-CB41F9E46BAF}.Debug|x64.Build.0 = Debug|x64
		{6F50AA5B-3ED7-46B9-B4EB-CB41F9E46BAF}.Debug|x86.ActiveCfg = Debug|Win32
		{6F50AA5B-3ED7-46B9-B4EB-CB41F9E46BAF}.Debug|x86.Build.0 = Debug|Win32
		{6F50AA5B-3ED7-46B9-B4EB-CB41F9E46BAF}.Release|x64.ActiveCfg = Release|x64
		{6F50AA5B-3ED7-46B9-B4EB-CB41F9E46BAF}.Release|x64.Build.0 = Release|x64
		{6F50AA5B-3ED7-46B9-B4EB-CB41F9E46BAF}.Release|x86.ActiveCfg = Release|Win32
		{6F50AA5B-3ED7-46B9-B4EB-CB41F9E46BAF}.Release|x86.Build.0 = Release|Win32
		{6F50AA5B-3ED7-46B9-B4EB-CB41F9E46BBF}.Debug|x64.ActiveCfg = Debug|x64
		{6F50AA5B-3ED7-46B9-B4EB-CB41F9E46BBF}.Debug|x64.Build.0 = Debug|x64
		{6F50AA5B-3ED7-46B9-B4EB-CB41F9E46BBF}.Debug|x86.ActiveCfg = Debug|Win32
		{6F50AA5B-3ED7-46B9-B4EB-CB41F9E46BBF}.Debug|x86.Build.0 = Debug|Win32
		{6F50AA5B-3ED7-46B9-B4EB-CB41F9E46BBF}.Release|x64.ActiveCfg = Release|x64
		{6F50AA5B-3ED7-46B9-B4EB-CB41F9E46BBF}.Release|x64.Build.0 = Release|x64
		{6F50AA5B-3ED7-46B9-B4EB-CB41F9E46BBF}.Release|x86.ActiveCfg = Release|Win32
		{6F50AA5B-3ED7-46B9-B4EB-CB41F9E46BBF}.Release|x86.Build.0 = Release|Win32
		{6F50AA5B-3ED7-46B9-B4EB-CB41F9E46BCF}.Debug|x64.ActiveCfg = Debug|x64
		{6F50AA5B-3ED7-46B9-B4EB-CB41F9E46BCF}.Debug|x64.Build.0 = Debug|x64
		{6F50AA5B-3ED7-46B9-B4EB-CB41F9E46BCF}.Debug|x86.ActiveCfg = Debug|Win32
		{6F50AA5B-3ED7-46B9-B4EB-CB41F9E46BCF}.Debug|x86.Build.0 = Debug|Win32
		{6F50AA5B-3ED7-46B9-B4EB-CB41F9E46BCF}.Release|x64.ActiveCfg = Release|x64
		{6F50AA5B-3ED7-46B9-B4EB-CB41F9E46BCF}.Release|x64.Build.0 = Release|x64
		{6F50AA5B-3ED7-46B9-B4EB-CB41F9E46BCF}.Release|x86.ActiveCfg = Release|Win32
		{6F50AA5B-3ED7-46B9-B4EB-CB41F9E46BCF}.Release|x86.Build.0 = Release|Win32
		{6F50AA5B-3ED7-46B9-B4EB-CB41F9E46BDF}.Debug|x64.ActiveCfg = Debug|x64
		{6F50AA5B-3ED7-46B9-B4EB-CB41F9E46BDF}.Debug|x64.Build.0 = Debug|x64
		{6F50AA5B-3ED7-46B9-B4EB-CB41F9E46BDF}.Debug|x86.ActiveCfg = Debug|Win32
		{6F50AA5B-3ED7-46B9-B4EB-CB41F9E46BDF}.Debug|x86.Build.0 = Debug|Win32
		{6F50AA5B-3ED7-46B9-B4EB-CB41F9E46BDF}.Release|x64.ActiveCfg = Release|x64
		{6F50AA5B-3ED7-46B9-B4EB-CB41F9E46BDF}.Release|x64.Build.0 = Release|x64
		{6F50AA5B-3ED7-46B9-B4EB-CB41F9E46BDF}.Release|x86.ActiveCfg = Release|Win32
		{6F50AA5B-3ED7-46B9-B4EB-CB41F9E46BDF}.Release|x86.Build.0 = Release|Win32
		{6F50AA5B-3ED7-46B9-B4EB-CB41F9E46BEF}.Debug|x64.ActiveCfg = Debug|x64
		{6F50AA5B-3ED7-46B9-B4EB-CB41F9E46BEF}.Debug|x64.Build.0 = Debug|x64
		{6F50AA5B-3ED7-46B9-B4EB-CB41F9E46BEF}.Debug|x86.ActiveCfg = Debug|Win32
		{6F50AA5B-3ED7-46B9-B4EB-CB41F9E46BEF}.Debug|x86.Build.0 = Debug|Win32
		{6F50AA5B-3ED7-46B9-B4EB-CB41F9E46BEF}.Release|x64.ActiveCfg = Release|x64
		{6F50AA5B-3ED7-46B9-B4EB-CB41F9E46BEF}.Release|x64.Build.0 = Release|x64
		{6F50AA5B-3ED7-46B9-B4EB-CB41F9E46BEF}.Release|x86.ActiveCfg = Release|Win32
		{6F50AA5B-3ED7-46B9-B4EB-CB41F9E46BEF}.Release|x86.Build.0 = Release|Win32
		{6F50AA5B-3ED7-46B9-B4EB-CB41F9E46BFF}.Debug|x64.ActiveCfg = Debug|x64
		{6F50AA5B-3ED7-46B9-B4EB-CB41F9E46BFF}.Debug|x64.Build.0 = Debug|x64
		{6F50AA5B-3ED7-46B9-B4EB-CB41F9E46BFF}.Debug|x86.ActiveCfg = Debug|Win32
		{6F50AA5B-3ED7-46B9-B4EB-CB41F9E46BFF}.Debug|x86.Build.0 = Debug|Win32
		{6F50AA5B-3ED7-46B9-B4EB-CB41F9E46BFF}.Release|x64.ActiveCfg = Release|x64
		{6F50AA5B-3ED7-46B9-B4EB-CB41F9E46BFF}.Release|x64.Build.0 = Release|x64
		{6F50AA5B-3ED7-46B9-B4EB-CB41F9E46BFF}.Release|x86.ActiveCfg = Release|Win32
		{6F50AA5B-3ED7-46B9-B4EB-CB41F9E46BFF}.Release|x86.Build.0 = Release|Win32
		{6F50AA5B-3ED7-46B9-B4EB-CB41F9E46C00}.Debug|x64.ActiveCfg = Debug|x64
		{6F50AA5B-3ED7-46B9-B4EB-CB41F9E46C00}.Debug|x64.Build.0 = Debug|x64
		{6F50AA5B-3ED7-46B9-B4EB-CB41F9E46C00}.Debug|x86.ActiveCfg = Debug|Win32
		{6F50AA5B-3ED7-46B9-B4EB-CB41F9E46C00}.Debug|x86.Build.0 = Debug|Win32
		{6F50AA5B-3ED7-46B9-B4EB-CB41F9E46C00}.Release|x64.ActiveCfg = Release|x64
		{6F50AA5B-3ED7-46B9-B4EB-CB41F9E46C00}.Release|x64.Build.0 = Release|x64
		{6F50AA5B-3ED7-46B9-B4EB-CB41F9E46C00}.Release|x86.ActiveCfg = Release|Win32
		{6F50AA5B-3ED7-46B9-B4EB-CB41F9E46C00}.Release|x86.Build.0 = Release|Win32
		{6F50AA5B-3ED7-46B9-B4EB-CB41F9E46C01}.Debug|x64.ActiveCfg = Debug|x64
		{6F50AA5B-3ED7-46B9-B4EB-CB41F9E46C01}.Debug|x64.Build.0 = Debug|x64
		{6F50AA5B-3ED7-46B9-B4EB-CB41F9E46C01}.Debug|x86.ActiveCfg = Debug|Win32
		{6F50AA5B-3ED7-46B9-B4EB-CB41F9E46C01}.Debug|x86.Build.0 = Debug|Win32
		{6F50AA5B-3ED7-46B9-B4EB-CB41F9E46C01}.Release|x64.ActiveCfg = Release|x64
		{6F50AA5B-3ED7-46B9-B4EB-CB41F9E46C01}.Release|x64.Build.0 = Release|x64
		{6F50AA5B-3ED7-46B9-B4EB-CB41F9E46C01}.Release|x86.ActiveCfg = Release|Win32
		{6F50AA5B-3ED7-46B9-B4EB-CB41F9E46C01}.Release|x86.Build.0 = Release|Win32
		{6F50AA5B-3ED7-46B9-B4EB-CB41F9E46C02}.Debug|x64.ActiveCfg = Debug|x64
		{6F50AA5B-3ED7-46B9-B4EB-CB41F9E46C02}.Debug|x64.Build.0 = Debug|x64
		{6F50AA5B-3ED7-46B9-B4EB-CB41F9E46C02}.Debug|x86.ActiveCfg = Debug|Win32
		{6F50AA5B-3ED7-46B9-B4EB-CB41F9E46C02}.Debug|x86.Build.0 = Debug|Win32
		{6F50AA5B-3ED7-46B9-B4EB-CB41F9E46C02}.Release|x64.ActiveCfg = Release|x64
		{6F50AA5B-3ED7-46B9-B4EB-CB41F9E46C02}.Release|x64.Build.0 = Release|x64
		{6F50AA5B-3ED7-46B9-B4EB-CB41F9E46C02}.Release|x86.ActiveCfg = Release|Win32
		{6F50AA5B-3ED7-46B9-B4EB-CB41F9E46C02}.Release|x86.Build.0 = Release|Win32
		{6F50AA5B-3ED7-46B9-B4EB-CB41F9E46C03}.Debug|x64.ActiveCfg = Debug|x64
		{6F50AA5B-3ED7-46B9-B4EB-CB41F9E46C03}.Debug|x64.Build.0 = Debug|x64
		{6F50AA5B-3ED7-46B9-B4EB-CB41F9E46C03}.Debug|x86.ActiveCfg = Debug|Win32
		{6F50AA5B-3ED7-46B9-B4EB-CB41F9E46C03}.Debug|x86.Build.0 = Debug|Win32
		{6F50AA5B-3ED7-46B9-B4EB-CB41F9E46C03}.Release|x64.ActiveCfg = Release|x64
		{6F50AA5B-3ED7-46B9-B4EB-CB41F9E46C03}.Release|x64.Build.0 = Release|x64
		{6F50AA5B-3ED7-46B9-B4EB-CB41F9E46C03}.Release|x86.ActiveCfg = Release|Win32
		{6F50AA5B-3ED7-46B9-B4EB-CB41F9E46C03}.Release|x86.Build.0 = Release|Win32
		{6F50AA5B-3ED7-46B9-B4EB-CB41F9E46C04}.Debug|x64.ActiveCfg = Debug|x64
		{6F50AA5B-3ED7-46B9-B4EB-CB41F9E46C04}.Debug|x64.Build.0 = Debug|x64
		{6F50AA5B-3ED7-46B9-B4EB-CB41F9E46C04}.Debug|x86.ActiveCfg = Debug|Win32
		{6F50AA5B-3ED7-46B9-B4EB-CB41F9E46C04}.Debug|x86.Build.0 = Debug|Win32
		{6F50AA5B-3ED7-46B9-B4EB-CB41F9E46C04}.Release|x64.ActiveCfg = Release|x64
		{6F50AA5B-3ED7-46B9-B4EB-CB41F9E46C04}.Release|x64.Build.0 = Release|x64
		{6F50AA5B-3ED7-46B9-B4EB-CB41F9E46C04}.Release|x86.ActiveCfg = Release|Win32
		{6F50AA5B-3ED7-46B9-B4EB-CB41F9E46C04}.Release|x86.Build.0 = Release|Win32
		{6F50AA5B-3ED7-46B9-B4EB-CB41F9E46C05}.Debug|x64.ActiveCfg = Debug|x64
		{6F50AA5B-3ED7-46B9-B4EB-CB41F9E46C05}.Debug|x64.Build.0 = Debug|x64
		{6F50AA5B-3ED7-46B9-B4EB-CB41F9E46C05}.Debug|x86.ActiveCfg = Debug|Win32
		{6F50AA5B-3ED7-46B9-B4EB-CB41F9E46C05}.Debug|x86.Build.0 = Debug|Win32
		{6F50AA5B-3ED7-46B9-B4EB-CB41F9E46C05}.Release|x64.ActiveCfg = Release|x64
		{6F50AA5B-3ED7-46B9-B4EB-CB41F9E46C05}.Release|x64.Build.0 = Release|x64
		{6F50AA5B-3ED7-46B9-B4EB-CB41F9E46C05}.Release|x86.ActiveCfg = Release|Win32
		{6F50AA5B-3ED7-46B9-B4EB-CB41F9E46C05}.Release|x86.Build.0 = Release|Win32
		{6F50AA5B-3ED7-46B9-B4EB-CB41F9E46C06}.Debug|x64.ActiveCfg = Debug|x64
		{6F50AA5B-3ED7-46B9-B4EB-CB41F9E46C06}.Debug|x64.Build.0 = Debug|x64
		{6F50AA5B-3ED7-46B9-B4EB-CB41F9E46C06}.Debug|x86.ActiveCfg = Debug|Win32
		{6F50AA5B-3ED7-46B9-B4EB-CB41F9E46C06}.Debug|x86.Build.0 = Debug|Win32
		{6F50AA5B-3ED7-46B9-B4EB-CB41F9E46C06}.Release|x64.ActiveCfg = Release|x64
		{6F50AA5B-3ED7-46B9-B4EB-CB41F9E46C06}.Release|x64.Build.0 = Release|x64
		{6F50AA5B-3ED7-46B9-B4EB-CB41F9E46C06}.Release|x86.ActiveCfg = Release|Win32
		{6F50AA5B-3ED7-46B9-B4EB-CB41F9E46C06}.Release|x86.Build.0 = Release|Win32
		{6F50AA5B-3ED7-46B9-B4EB-CB41F9E46C07}.Debug|x64.ActiveCfg = Debug|x64
		{6F50AA5B-3ED7-46B9-B4EB-CB41F9E46C07}.Debug|x64.Build.0 = Debug|x64
		{6F50AA5B-3ED7-46B9-B4EB-CB41F9E46C07}.Debug|x86.ActiveCfg = Debug|Win32
		{6F50AA5B-3ED7-46B9-B4EB-CB41F9E46C07}.Debug|x86.Build.0 = Debug|Win32
		{6F50AA5B-3ED7-46B9-B4EB-CB41F9E46C07}.Release|x64.ActiveCfg = Release|x64
		{6F50AA5B-3ED7-46B9-B4EB-CB41F9E46C07}.Release|x64.Build.0 = Release|x64
		{6F50AA5B-3ED7-46B9-B4EB-CB41F9E46C07}.Release|x86.ActiveCfg = Release|Win32
		{6F50AA5B-3ED7-46B9-B4EB-CB41F9E46C07}.Release|x86.Build.0 = Release|Win32
		{6F50AA5B-3ED7-46B9-B4EB-CB41F9E46C08}.Debug|x64.ActiveCfg = Debug|x64
		{6F50AA5B-3ED7-46B9-B4EB-CB41F9E46C08}.Debug|x64.Build.0 = Debug|x64
		{6F50AA5B-3ED7-46B9-B4EB-CB41F9E46C08}.Debug|x86.ActiveCfg = Debug|Win32
		{6F50AA5B-3ED7-46B9-B4EB-CB41F9E46C08}.Debug|x86.Build.0 = Debug|Win32
		{6F50AA5B-3ED7-46B9-B4EB-CB41F9E46C08}.Release|x64.ActiveCfg = Release|x64
		{6F50AA5B-3ED7-46B9-B4EB-CB41F9E46C08}.Release|x64.Build.0 = Release|x64
		{6F50AA5B-3ED7-46B9-B4EB-CB41F9E46C08}.Release|x86.ActiveCfg = Release|Win32
		{6F50AA5B-3ED7-46B9-B4EB-CB41F9E46C08}.Release|x86.Build.0 = Release|Win32
		{6F50AA5B-3ED7-46B9-B4EB-CB41F9E46C09}.Debug|x64.ActiveCfg = Debug|x64
		{6F50AA5B-3ED7-46B9-B4EB-CB41F9E46C09}.Debug|x64.Build.0 = Debug|x64
		{6F50AA5B-3ED7-46B9-B4EB-CB41F9E46C09}.Debug|x86.ActiveCfg = Debug|Win32
		{6F50AA5B-3ED7-46B9-B4EB-CB41F9E46C09}.Debug|x86.Build.0 = Debug|Win32
		{6F50AA5B-3ED7-46B9-B4EB-CB41F9E46C09}.Release|x64.ActiveCfg = Release|x64
		{6F50AA5B-3ED7-46B9-B4EB-CB41F9E46C09}.Release|x64.Build.0 = Release|x64
		{6F50AA5B-3ED7-46B9-B4EB-CB41F9E46C09}.Release|x86.ActiveCfg = Release|Win32
		{6F50AA5B-3ED7-46B9-B4EB-CB41F9E46C09}.Release|x86.Build.0 = Release|Win32
		{6F50AA5B-3ED7-46B9-B4EB-CB41F9E46C0A}.Debug|x64.ActiveCfg = Debug|x64
		{6F50AA5B-3ED7-46B9-B4EB-CB41F9E46C0A}.Debug|x64.Build.0 = Debug|x64
		{6F50AA5B-3ED7-46B9-B4EB-CB41F9E46C0A}.Debug|x86.ActiveCfg = Debug|Win32
		{6F50AA5B-3ED7-46B9-B4EB-CB41F9E46C0A}.Debug|x86.Build.0 = Debug|Win32
		{6F50AA5B-3ED7-46B9-B4EB-CB41F9E46C0A}.Release|x64.ActiveCfg = Release|x64
		{6F50AA5B-3ED7-46B9-B4EB-CB41F9E46C0A}.Release|x64.Build.0 = Release|x64
		{6F50AA5B-3ED7-46B9-B4EB-CB41F9E46C0A}.Release|x86.ActiveCfg = Release|Win32
		{6F50AA5B-3ED7-46B9-B4EB-CB41F9E46C0A}.Release|x86.Build.0 = Release|Win32
		{6F50AA5B-3ED7-46B9-B4EB-CB41F9E46C0B}.Debug|x64.ActiveCfg = Debug|x64
		{6F50AA5B-3ED7-46B9-B4EB-CB41F9E46C0B}.Debug|x64.Build.0 = Debug|x64
		{6F50AA5B-3ED7-46B9-B4EB-CB41F9E46C0B}.Debug|x86.ActiveCfg = Debug|Win32
		{6F50AA5B-3ED7-46B9-B4EB-CB41F9E46C0B}.Debug|x86.Build.0 = Debug|Win32
		{6F50AA5B-3ED7-46B9-B4EB-CB41F9E46C0B}.Release|x64.ActiveCfg = Release|x64
		{6F50AA5B-3ED7-46B9-B4EB-CB41F9E46C0B}.Release|x64.Build.0 = Release|x64
		{6F50AA5B-3ED7-46B9-B4EB-CB41F9E46C0B}.Release|x86.ActiveCfg = Release|Win32
		{6F50AA5B-3ED7-46B9-B4EB-CB41F9E46C0B}.Release|x86.Build.0 = Release|Win32
		{6F50AA5B-3ED7-46B9-B4EB-CB41F9E46C0C}.Debug|x64.ActiveCfg = Debug|x64
		{6F50AA5B-3ED7-46B9-B4EB-CB41F9E46C0C}.Debug|x64.Build.0 = Debug|x64
		{6F50AA5B-3ED7-46B9-B4EB-CB41F9E46C0C}.Debug|x86.ActiveCfg = Debug|Win32
		{6F50AA5B-3ED7-46B9-B4EB-CB41F9E46C0C}.Debug|x86.Build.0 = Debug|Win32
		{6F50AA5B-3ED7-46B9-B4EB-CB41F9E46C0C}.Release|x64.ActiveCfg = Release|x64
		{6F50AA5B-3ED7-46B9-B4EB-CB41F9E46C0C}.Release|x64.Build.0 = Release|x64
		{6F50AA5B-3ED7-46B9-B4EB-CB41F9E46C0C}.Release|x86.ActiveCfg = Release|Win32
		{6F50AA5B-3ED7-46B9-B4EB-CB41F9E46C0C}.Release|x86.Build.0 = Release|Win32
		{6F50AA5B-3ED7-46B9-B4EB-CB41F9E46C0D}.Debug|x64.ActiveCfg = Debug|x64
		{6F50AA5B-3ED7-46B9-B4EB-CB41F9E46C0D}.Debug|x64.Build.0 = Debug|x64
		{6F50AA5B-3ED7-46B9-B4EB-CB41F9E46C0D}.Debug|x86.ActiveCfg = Debug|Win32
		{6F50AA5B-3ED7-46B9-B4EB-CB41F9E46C0D}.Debug|x86.Build.0 = Debug|Win32
		{6F50AA5B-3ED7-46B9-B4EB-CB41F9E46C0D}.Release|x64.ActiveCfg = Release|x64
		{6F50AA5B-3ED7-46B9-B4EB-CB41F9E46C0D}.Release|x64.Build.0 = Release|x64
		{6F50AA5B-3ED7-46B9-B4EB-CB41F9E46C0D}.Release|x86.ActiveCfg = Release|Win32
		{6F50AA5B-3ED7-46B9-B4EB-CB41F9E46C0D}.Release|x86.Build.0 = Release|Win32
		{6F50AA5B-3ED7-46B9-B4EB-CB41F9E46C0E}.Debug|x64.ActiveCfg = Debug|x64
		{6F50AA5B-3ED7-46B9-B4EB-CB41F9E46C0E}.Debug|x64.Build.0 = Debug|x64
		{6F50AA5B-3ED7-46B9-B4EB-CB41F9E46C0E}.Debug|x86.ActiveCfg = Debug|Win32
		{6F50AA5B-3ED7-46B9-B4EB-CB41F9E46C0E}.Debug|x86.Build.0 = Debug|Win32
		{6F50AA5B-3ED7-46B9-B4EB-CB41F9E46C0E}.Release|x64.ActiveCfg = Release|x64
		{6F50AA5B-3ED7-46B9-B4EB-CB41F9E46C0E}.Release|x64.Build.0 = Release|x64
		{6F50AA5B-3ED7-46B9-B4EB-CB41F9E46C0E}.Release|x86.ActiveCfg = Release|Win32
		{6F50AA5B-3ED7-46B9-B4EB-CB41F9E46C0E}.Release|x86.Build.0 = Release|Win32
		{6F50AA5B-3ED7-46B9-B4EB-CB41F9E46C0F}.Debug|x64.ActiveCfg = Debug|x64
		{6F50AA5B-3ED7-46B9-B4EB-CB41F9E46C0F}.Debug|x86.ActiveCfg = Debug|Win32
		{6F50AA5B-3ED7-46B9-B4EB-CB41F9E46C0F}.Debug|x86.Build.0 = Debug|Win32
		{6F50AA5B-3ED7-46B9-B4EB-CB41F9E46C0F}.Release|x64.ActiveCfg = Release|x64
		{6F50AA5B-3ED7-46B9-B4EB-CB41F9E46C0F}.Release|x86.ActiveCfg = Release|Win32
		{6F50AA5B-3ED7-46B9-B4EB-CB41F9E46C0F}.Release|x86.Build.0 = Release|Win32
		{6F50AA5B-3ED7-46B9-B4EB-CB41F9E46C10}.Debug|x64.ActiveCfg = Debug|x64
		{6F50AA5B-3ED7-46B9-B4EB-CB41F9E46C10}.Debug|x86.ActiveCfg = Debug|Win32
		{6F50AA5B-3ED7-46B9-B4EB-CB41F9E46C10}.Debug|x86.Build.0 = Debug|Win32
		{6F50AA5B-3ED7-46B9-B4EB-CB41F9E46C10}.Release|x64.ActiveCfg = Release|x64
		{6F50AA5B-3ED7-46B9-B4EB-CB41F9E46C10}.Release|x86.ActiveCfg = Release|Win32
		{6F50AA5B-3ED7-46B9-B4EB-CB41F9E46C10}.Release|x86.Build.0 = Release|Win32
		{6F50AA5B-3ED7-46B9-B4EB-CB41F9E46C11}.Debug|x64.ActiveCfg = Debug|x64
		{6F50AA5B-3ED7-46B9-B4EB-CB41F9E46C11}.Debug|x86.ActiveCfg = Debug|Win32
		{6F50AA5B-3ED7-46B9-B4EB-CB41F9E46C11}.Debug|x86.Build.0 = Debug|Win32
		{6F50AA5B-3ED7-46B9-B4EB-CB41F9E46C11}.Release|x64.ActiveCfg = Release|x64
		{6F50AA5B-3ED7-46B9-B4EB-CB41F9E46C11}.Release|x86.ActiveCfg = Release|Win32
		{6F50AA5B-3ED7-46B9-B4EB-CB41F9E46C11}.Release|x86.Build.0 = Release|Win32
		{6F50AA5B-3ED7-46B9-B4EB-CB41F9E46C19}.Debug|x64.ActiveCfg = Debug|x64
		{6F50AA5B-3ED7-46B9-B4EB-CB41F9E46C19}.Debug|x86.ActiveCfg = Debug|Win32
		{6F50AA5B-3ED7-46B9-B4EB-CB41F9E46C19}.Debug|x86.Build.0 = Debug|Win32
		{6F50AA5B-3ED7-46B9-B4EB-CB41F9E46C19}.Release|x64.ActiveCfg = Release|x64
		{6F50AA5B-3ED7-46B9-B4EB-CB41F9E46C19}.Release|x86.ActiveCfg = Release|Win32
		{6F50AA5B-3ED7-46B9-B4EB-CB41F9E46C19}.Release|x86.Build.0 = Release|Win32
		{6F50AA5B-3ED7-46B9-B4EB-CB41F9E46C12}.Debug|x64.ActiveCfg = Debug|x64
		{6F50AA5B-3ED7-46B9-B4EB-CB41F9E46C12}.Debug|x86.ActiveCfg = Debug|Win32
		{6F50AA5B-3ED7-46B9-B4EB-CB41F9E46C12}.Debug|x86.Build.0 = Debug|Win32
		{6F50AA5B-3ED7-46B9-B4EB-CB41F9E46C12}.Release|x64.ActiveCfg = Release|x64
		{6F50AA5B-3ED7-46B9-B4EB-CB41F9E46C12}.Release|x86.ActiveCfg = Release|Win32
		{6F50AA5B-3ED7-46B9-B4EB-CB41F9E46C12}.Release|x86.Build.0 = Release|Win32
		{6F50AA5B-3ED7-46B9-B4EB-CB41F9E46C13}.Debug|x64.ActiveCfg = Debug|x64
		{6F50AA5B-3ED7-46B9-B4EB-CB41F9E46C13}.Debug|x86.ActiveCfg = Debug|Win32
		{6F50AA5B-3ED7-46B9-B4EB-CB41F9E46C13}.Debug|x86.Build.0 = Debug|Win32
		{6F50AA5B-3ED7-46B9-B4EB-CB41F9E46C13}.Release|x64.ActiveCfg = Release|x64
		{6F50AA5B-3ED7-46B9-B4EB-CB41F9E46C13}.Release|x86.ActiveCfg = Release|Win32
		{6F50AA5B-3ED7-46B9-B4EB-CB41F9E46C13}.Release|x86.Build.0 = Release|Win32
		{6F50AA5B-3ED7-46B9-B4EB-CB41F9E46C14}.Debug|x64.ActiveCfg = Debug|x64
		{6F50AA5B-3ED7-46B9-B4EB-CB41F9E46C14}.Debug|x86.ActiveCfg = Debug|Win32
		{6F50AA5B-3ED7-46B9-B4EB-CB41F9E46C14}.Debug|x86.Build.0 = Debug|Win32
		{6F50AA5B-3ED7-46B9-B4EB-CB41F9E46C14}.Release|x64.ActiveCfg = Release|x64
		{6F50AA5B-3ED7-46B9-B4EB-CB41F9E46C14}.Release|x86.ActiveCfg = Release|Win32
		{6F50AA5B-3ED7-46B9-B4EB-CB41F9E46C14}.Release|x86.Build.0 = Release|Win32
		{6F50AA5B-3ED7-46B9-B4EB-CB41F9E46C15}.Debug|x64.ActiveCfg = Debug|x64
		{6F50AA5B-3ED7-46B9-B4EB-CB41F9E46C15}.Debug|x86.ActiveCfg = Debug|Win32
		{6F50AA5B-3ED7-46B9-B4EB-CB41F9E46C15}.Debug|x86.Build.0 = Debug|Win32
		{6F50AA5B-3ED7-46B9-B4EB-CB41F9E46C15}.Release|x64.ActiveCfg = Release|x64
		{6F50AA5B-3ED7-46B9-B4EB-CB41F9E46C15}.Release|x86.ActiveCfg = Release|Win32
		{6F50AA5B-3ED7-46B9-B4EB-CB41F9E46C15}.Release|x86.Build.0 = Release|Win32
		{6F50AA5B-3ED7-46B9-B4EB-CB41F9E46C16}.Debug|x64.ActiveCfg = Debug|x64
		{6F50AA5B-3ED7-46B9-B4EB-CB41F9E46C16}.Debug|x86.ActiveCfg = Debug|Win32
		{6F50AA5B-3ED7-46B9-B4EB-CB41F9E46C16}.Debug|x86.Build.0 = Debug|Win32
		{6F50AA5B-3ED7-46B9-B4EB-CB41F9E46C16}.Release|x64.ActiveCfg = Release|x64
		{6F50AA5B-3ED7-46B9-B4EB-CB41F9E46C16}.Release|x86.ActiveCfg = Release|Win32
		{6F50AA5B-3ED7-46B9-B4EB-CB41F9E46C16}.Release|x86.Build.0 = Release|Win32
		{6F50AA5B-3ED7-46B9-B4EB-CB41F9E46C17}.Debug|x64.ActiveCfg = Debug|x64
		{6F50AA5B-3ED7-46B9-B4EB-CB41F9E46C17}.Debug|x86.ActiveCfg = Debug|Win32
		{6F50AA5B-3ED7-46B9-B4EB-CB41F9E46C17}.Debug|x86.Build.0 = Debug|Win32
		{6F50AA5B-3ED7-46B9-B4EB-CB41F9E46C17}.Release|x64.ActiveCfg = Release|x64
		{6F50AA5B-3ED7-46B9-B4EB-CB41F9E46C17}.Release|x86.ActiveCfg = Release|Win32
		{6F50AA5B-3ED7-46B9-B4EB-CB41F9E46C17}.Release|x86.Build.0 = Release|Win32
		{6F50AA5B-3ED7-46B9-B4EB-CB41F9E46C18}.Debug|x64.ActiveCfg = Debug|x64
		{6F50AA5B-3ED7-46B9-B4EB-CB41F9E46C18}.Debug|x86.ActiveCfg = Debug|Win32
		{6F50AA5B-3ED7-46B9-B4EB-CB41F9E46C18}.Debug|x86.Build.0 = Debug|Win32
		{6F50AA5B-3ED7-46B9-B4EB-CB41F9E46C18}.Release|x64.ActiveCfg = Release|x64
		{6F50AA5B-3ED7-46B9-B4EB-CB41F9E46C18}.Release|x86.ActiveCfg = Release|Win32
		{6F50AA5B-3ED7-46B9-B4EB-CB41F9E46C18}.Release|x86.Build.0 = Release|Win32
	EndGlobalSection
	GlobalSection(SolutionProperties) = preSolution
		HideSolutionNode = FALSE
	EndGlobalSection
	GlobalSection(NestedProjects) = preSolution
		{6F50AA5B-3ED7-46B9-B4EB-CB41F9E46B9F} = {EA7C6318-AAD0-4AF7-8FCD-4656071EFA76}
		{6F50AA5B-3ED7-46B9-B4EB-CB41F9E46BAF} = {EA7C6318-AAD0-4AF7-8FCD-4656071EFA76}
		{6F50AA5B-3ED7-46B9-B4EB-CB41F9E46BBF} = {EA7C6318-AAD0-4AF7-8FCD-4656071EFA76}
		{6F50AA5B-3ED7-46B9-B4EB-CB41F9E46BCF} = {EA7C6318-AAD0-4AF7-8FCD-4656071EFA76}
		{6F50AA5B-3ED7-46B9-B4EB-CB41F9E46BDF} = {EA7C6318-AAD0-4AF7-8FCD-4656071EFA76}
		{6F50AA5B-3ED7-46B9-B4EB-CB41F9E46BEF} = {EA7C6318-AAD0-4AF7-8FCD-4656071EFA76}
		{6F50AA5B-3ED7-46B9-B4EB-CB41F9E46BFF} = {EA7C6318-AAD0-4AF7-8FCD-4656071EFA76}
		{6F50AA5B-3ED7-46B9-B4EB-CB41F9E46C00} = {EA7C6318-AAD0-4AF7-8FCD-4656071EFA76}
		{6F50AA5B-3ED7-46B9-B4EB-CB41F9E46C01} = {EA7C6318-AAD0-4AF7-8FCD-4656071EFA76}
		{6F50AA5B-3ED7-46B9-B4EB-CB41F9E46C02} = {EA7C6318-AAD0-4AF7-8FCD-4656071EFA76}
		{6F50AA5B-3ED7-46B9-B4EB-CB41F9E46C03} = {EA7C6318-AAD0-4AF7-8FCD-4656071EFA76}
		{6F50AA5B-3ED7-46B9-B4EB-CB41F9E46C04} = {EA7C6318-AAD0-4AF7-8FCD-4656071EFA76}
		{6F50AA5B-3ED7-46B9-B4EB-CB41F9E46C05} = {EA7C6318-AAD0-4AF7-8FCD-4656071EFA76}
		{6F50AA5B-3ED7-46B9-B4EB-CB41F9E46C06} = {EA7C6318-AAD0-4AF7-8FCD-4656071EFA76}
		{6F50AA5B-3ED7-46B9-B4EB-CB41F9E46C07} = {EA7C6318-AAD0-4AF7-8FCD-4656071EFA76}
		{6F50AA5B-3ED7-46B9-B4EB-CB41F9E46C08} = {EA7C6318-AAD0-4AF7-8FCD-4656071EFA76}
		{6F50AA5B-3ED7-46B9-B4EB-CB41F9E46C09} = {EA7C6318-AAD0-4AF7-8FCD-4656071EFA76}
		{6F50AA5B-3ED7-46B9-B4EB-CB41F9E46C0A} = {EA7C6318-AAD0-4AF7-8FCD-4656071EFA76}
		{6F50AA5B-3ED7-46B9-B4EB-CB41F9E46C0B} = {EA7C6318-AAD0-4AF7-8FCD-4656071EFA76}
		{6F50AA5B-3ED7-46B9-B4EB-CB41F9E46C0C} = {EA7C6318-AAD0-4AF7-8FCD-4656071EFA76}
		{6F50AA5B-3ED7-46B9-B4EB-CB41F9E46C0D} = {EA7C6318-AAD0-4AF7-8FCD-4656071EFA76}
		{6F50AA5B-3ED7-46B9-B4EB-CB41F9E46C0E} = {EA7C6318-AAD0-4AF7-8FCD-4656071EFA76}
		{6F50AA5B-3ED7-46B9-B4EB-CB41F9E46C0F} = {953B4CE8-FC28-4C45-B4F1-75075C01AB81}
		{6F50AA5B-3ED7-46B9-B4EB-CB41F9E46C10} = {953B4CE8-FC28-4C45-B4F1-75075C01AB81}
		{6F50AA5B-3ED7-46B9-B4EB-CB41F9E46C11} = {953B4CE8-FC28-4C45-B4F1-75075C01AB81}
		{6F50AA5B-3ED7-46B9-B4EB-CB41F9E46C19} = {953B4CE8-FC28-4C45-B4F1-75075C01AB81}
		{6F50AA5B-3ED7-46B9-B4EB-CB41F9E46C12} = {953B4CE8-FC28-4C45-B4F1-75075C01AB81}
		{6F50AA5B-3ED7-46B9-B4EB-CB41F9E46C13} = {953B4CE8-FC28-4C45-B4F1-75075C01AB81}
		{6F50AA5B-3ED7-46B9-B4EB-CB41F9E46C14} = {953B4CE8-FC28-4C45-B4F1-75075C01AB81}
		{6F50AA5B-3ED7-46B9-B4EB-CB41F9E46C15} = {953B4CE8-FC28-4C45-B4F1-75075C01AB81}
		{6F50AA5B-3ED7-46B9-B4EB-CB41F9E46C16} = {953B4CE8-FC28-4C45-B4F1-75075C01AB81}
		{6F50AA5B-3ED7-46B9-B4EB-CB41F9E46C17} = {953B4CE8-FC28-4C45-B4F1-75075C01AB81}
		{6F50AA5B-3ED7-46B9-B4EB-CB41F9E46C18} = {953B4CE8-FC28-4C45-B4F1-75075C01AB81}
	EndGlobalSection
	GlobalSection(ExtensibilityGlobals) = postSolution
		SolutionGuid = {835C5C5F-992D-4AE6-8CFD-0B142D7BB6B2}
	EndGlobalSection
EndGlobal
